
Microsoft Visual Studio Solution File, Format Version 12.00
# Visual Studio 15
VisualStudioVersion = 15.0.27428.2037
MinimumVisualStudioVersion = 10.0.40219.1
Project("{FAE04EC0-301F-11D3-BF4B-00C04F79EFBC}") = "VueWebTemplate.Web", "VueWebTemplate.Web\VueWebTemplate.Web.csproj", "{71A558EA-82D5-4CAE-8D3F-9339C8420199}"
EndProject
Project("{FAE04EC0-301F-11D3-BF4B-00C04F79EFBC}") = "VueWebTemplate.Common", "VueWebTemplate.Common\VueWebTemplate.Common.csproj", "{566193B6-7768-40DB-AC92-E55AEDD70053}"
EndProject
Global
	GlobalSection(SolutionConfigurationPlatforms) = preSolution
		Debug|Any CPU = Debug|Any CPU
		Release|Any CPU = Release|Any CPU
	EndGlobalSection
	GlobalSection(ProjectConfigurationPlatforms) = postSolution
		{71A558EA-82D5-4CAE-8D3F-9339C8420199}.Debug|Any CPU.ActiveCfg = Debug|Any CPU
		{71A558EA-82D5-4CAE-8D3F-9339C8420199}.Debug|Any CPU.Build.0 = Debug|Any CPU
		{71A558EA-82D5-4CAE-8D3F-9339C8420199}.Release|Any CPU.ActiveCfg = Release|Any CPU
		{71A558EA-82D5-4CAE-8D3F-9339C8420199}.Release|Any CPU.Build.0 = Release|Any CPU
		{566193B6-7768-40DB-AC92-E55AEDD70053}.Debug|Any CPU.ActiveCfg = Debug|Any CPU
		{566193B6-7768-40DB-AC92-E55AEDD70053}.Debug|Any CPU.Build.0 = Debug|Any CPU
		{566193B6-7768-40DB-AC92-E55AEDD70053}.Release|Any CPU.ActiveCfg = Release|Any CPU
		{566193B6-7768-40DB-AC92-E55AEDD70053}.Release|Any CPU.Build.0 = Release|Any CPU
	EndGlobalSection
	GlobalSection(SolutionProperties) = preSolution
		HideSolutionNode = FALSE
	EndGlobalSection
	GlobalSection(ExtensibilityGlobals) = postSolution
		SolutionGuid = {D9E37709-F358-4724-B4DB-E15D3807AB64}
	EndGlobalSection
	GlobalSection(TeamFoundationVersionControl) = preSolution
		SccNumberOfProjects = 3
		SccEnterpriseProvider = {4CA58AB2-18FA-4F8D-95D4-32DDF27D184C}
		SccTeamFoundationServer = http://10.0.3.25:8080/tfs/defaultcollection
		SccLocalPath0 = .
		SccProjectUniqueName1 = VueWebTemplate.Common\\VueWebTemplate.Common.csproj
		SccProjectName1 = VueWebTemplate.Common
		SccLocalPath1 = VueWebTemplate.Common
		SccProjectUniqueName2 = VueWebTemplate.Web\\VueWebTemplate.Web.csproj
		SccProjectName2 = VueWebTemplate.Web
		SccLocalPath2 = VueWebTemplate.Web
	EndGlobalSection
EndGlobal
